
Microsoft Visual Studio Solution File, Format Version 12.00
# Visual Studio Version 17
VisualStudioVersion = 17.3.32901.215
MinimumVisualStudioVersion = 10.0.40219.1
Project("{00D1A9C2-B5F0-4AF3-8072-F6C62B433612}") = "Ventas.Database", "Ventas.Database\Ventas.Database.sqlproj", "{672E57CD-B9FC-4F01-AC70-358F7F51617D}"
EndProject
Project("{9A19103F-16F7-4668-BE54-9A1E7A4F7556}") = "Ventas.Infraestructure", "Ventas.Infraestructure\Ventas.Infraestructure.csproj", "{2160E484-7512-4AD9-A084-C86E891E2FF0}"
EndProject
Project("{FAE04EC0-301F-11D3-BF4B-00C04F79EFBC}") = "Ventas.Client", "Ventas.Client\Ventas.Client.csproj", "{16C56B81-BDDF-46E0-8086-D30E34E79171}"
EndProject
Global
	GlobalSection(SolutionConfigurationPlatforms) = preSolution
		Debug|Any CPU = Debug|Any CPU
		Release|Any CPU = Release|Any CPU
	EndGlobalSection
	GlobalSection(ProjectConfigurationPlatforms) = postSolution
		{672E57CD-B9FC-4F01-AC70-358F7F51617D}.Debug|Any CPU.ActiveCfg = Debug|Any CPU
		{672E57CD-B9FC-4F01-AC70-358F7F51617D}.Debug|Any CPU.Build.0 = Debug|Any CPU
		{672E57CD-B9FC-4F01-AC70-358F7F51617D}.Debug|Any CPU.Deploy.0 = Debug|Any CPU
		{672E57CD-B9FC-4F01-AC70-358F7F51617D}.Release|Any CPU.ActiveCfg = Release|Any CPU
		{672E57CD-B9FC-4F01-AC70-358F7F51617D}.Release|Any CPU.Build.0 = Release|Any CPU
		{672E57CD-B9FC-4F01-AC70-358F7F51617D}.Release|Any CPU.Deploy.0 = Release|Any CPU
		{2160E484-7512-4AD9-A084-C86E891E2FF0}.Debug|Any CPU.ActiveCfg = Debug|Any CPU
		{2160E484-7512-4AD9-A084-C86E891E2FF0}.Debug|Any CPU.Build.0 = Debug|Any CPU
		{2160E484-7512-4AD9-A084-C86E891E2FF0}.Release|Any CPU.ActiveCfg = Release|Any CPU
		{2160E484-7512-4AD9-A084-C86E891E2FF0}.Release|Any CPU.Build.0 = Release|Any CPU
		{16C56B81-BDDF-46E0-8086-D30E34E79171}.Debug|Any CPU.ActiveCfg = Debug|Any CPU
		{16C56B81-BDDF-46E0-8086-D30E34E79171}.Debug|Any CPU.Build.0 = Debug|Any CPU
		{16C56B81-BDDF-46E0-8086-D30E34E79171}.Release|Any CPU.ActiveCfg = Release|Any CPU
		{16C56B81-BDDF-46E0-8086-D30E34E79171}.Release|Any CPU.Build.0 = Release|Any CPU
	EndGlobalSection
	GlobalSection(SolutionProperties) = preSolution
		HideSolutionNode = FALSE
	EndGlobalSection
	GlobalSection(ExtensibilityGlobals) = postSolution
		SolutionGuid = {F7C8AE97-B834-4422-A6E0-79E21458A3B4}
	EndGlobalSection
EndGlobal
